
Microsoft Visual Studio Solution File, Format Version 12.00
# Visual Studio Version 16
VisualStudioVersion = 16.0.30717.126
MinimumVisualStudioVersion = 10.0.40219.1
Project("{9A19103F-16F7-4668-BE54-9A1E7A4F7556}") = "MarsQA1", "MarsQA1.csproj", "{53DB455B-8B41-44A5-803C-C84FC1BC636E}"
EndProject
Project("{2150E333-8FDC-42A3-9474-1A3956D46DE8}") = "Solution Items", "Solution Items", "{D6E818B0-5A8C-4BF2-A888-5F76E0A5E14D}"
	ProjectSection(SolutionItems) = preProject
		.editorconfig = .editorconfig
	EndProjectSection
EndProject
Global
	GlobalSection(SolutionConfigurationPlatforms) = preSolution
		Debug|Any CPU = Debug|Any CPU
		Release|Any CPU = Release|Any CPU
	EndGlobalSection
	GlobalSection(ProjectConfigurationPlatforms) = postSolution
		{53DB455B-8B41-44A5-803C-C84FC1BC636E}.Debug|Any CPU.ActiveCfg = Debug|Any CPU
		{53DB455B-8B41-44A5-803C-C84FC1BC636E}.Debug|Any CPU.Build.0 = Debug|Any CPU
		{53DB455B-8B41-44A5-803C-C84FC1BC636E}.Release|Any CPU.ActiveCfg = Release|Any CPU
		{53DB455B-8B41-44A5-803C-C84FC1BC636E}.Release|Any CPU.Build.0 = Release|Any CPU
	EndGlobalSection
	GlobalSection(SolutionProperties) = preSolution
		HideSolutionNode = FALSE
	EndGlobalSection
	GlobalSection(ExtensibilityGlobals) = postSolution
		SolutionGuid = {3185C589-0340-4C08-8E2F-EFF6BA07E21B}
	EndGlobalSection
EndGlobal
